{
  "name": "acme-v2",
  "version": "1.5.3",
  "lockfileVersion": 1,
  "requires": true,
  "dependencies": {
    "@coolaj86/urequest": {
      "version": "1.3.6",
      "resolved": "https://registry.npmjs.org/@coolaj86/urequest/-/urequest-1.3.6.tgz",
      "integrity": "sha512-9rBXLFSb5D19opGeXdD/WuiFJsA4Pk2r8VUGEAeUZUxB1a2zB47K85BKAx3Gy9i4nZwg22ejlJA+q9DVrpQlbA=="
    },
    "eckles": {
      "version": "1.4.1",
      "resolved": "https://registry.npmjs.org/eckles/-/eckles-1.4.1.tgz",
      "integrity": "sha512-auWyk/k8oSkVHaD4RxkPadKsLUcIwKgr/h8F7UZEueFDBO7BsE4y+H6IMUDbfqKIFPg/9MxV6KcBdJCmVVcxSA=="
    },
    "keypairs": {
      "version": "1.2.14",
      "resolved": "https://registry.npmjs.org/keypairs/-/keypairs-1.2.14.tgz",
      "integrity": "sha512-ZoZfZMygyB0QcjSlz7Rh6wT2CJasYEHBPETtmHZEfxuJd7bnsOG5AdtPZqHZBT+hoHvuWCp/4y8VmvTvH0Y9uA==",
      "requires": {
        "eckles": "^1.4.1",
        "rasha": "^1.2.4"
      }
    },
    "rasha": {
      "version": "1.2.5",
      "resolved": "https://registry.npmjs.org/rasha/-/rasha-1.2.5.tgz",
      "integrity": "sha512-KxtX+/fBk+wM7O3CNgwjSh5elwFilLvqWajhr6wFr2Hd63JnKTTi43Tw+Jb1hxJQWOwoya+NZWR2xztn3hCrTw=="
    },
    "rsa-compat": {
      "version": "2.0.6",
      "resolved": "https://registry.npmjs.org/rsa-compat/-/rsa-compat-2.0.6.tgz",
      "integrity": "sha512-bQmpscAQec9442RaghDybrHMy1twQ3nUZOgTlqntio1yru+rMnDV64uGRzKp7dJ4VVhNv3mLh3X4MNON+YM0dA==",
      "requires": {
        "keypairs": "^1.2.14"
      }
    }
  }
}
